
Microsoft Visual Studio Solution File, Format Version 12.00
# Visual Studio 15
VisualStudioVersion = 15.0.28010.2003
MinimumVisualStudioVersion = 10.0.40219.1
Project("{FAE04EC0-301F-11D3-BF4B-00C04F79EFBC}") = "NBMFS", "NBMFS\NBMFS.csproj", "{049C6534-5DB7-462D-8840-3989ED4C972B}"
EndProject
Project("{FAE04EC0-301F-11D3-BF4B-00C04F79EFBC}") = "NBMFSTesting", "NBMFSTesting\NBMFSTesting.csproj", "{0184A3E8-DABC-4E01-9662-0769CE56A927}"
EndProject
Global
	GlobalSection(SolutionConfigurationPlatforms) = preSolution
		Debug|Any CPU = Debug|Any CPU
		Release|Any CPU = Release|Any CPU
	EndGlobalSection
	GlobalSection(ProjectConfigurationPlatforms) = postSolution
		{049C6534-5DB7-462D-8840-3989ED4C972B}.Debug|Any CPU.ActiveCfg = Debug|Any CPU
		{049C6534-5DB7-462D-8840-3989ED4C972B}.Debug|Any CPU.Build.0 = Debug|Any CPU
		{049C6534-5DB7-462D-8840-3989ED4C972B}.Release|Any CPU.ActiveCfg = Release|Any CPU
		{049C6534-5DB7-462D-8840-3989ED4C972B}.Release|Any CPU.Build.0 = Release|Any CPU
		{0184A3E8-DABC-4E01-9662-0769CE56A927}.Debug|Any CPU.ActiveCfg = Debug|Any CPU
		{0184A3E8-DABC-4E01-9662-0769CE56A927}.Debug|Any CPU.Build.0 = Debug|Any CPU
		{0184A3E8-DABC-4E01-9662-0769CE56A927}.Release|Any CPU.ActiveCfg = Release|Any CPU
		{0184A3E8-DABC-4E01-9662-0769CE56A927}.Release|Any CPU.Build.0 = Release|Any CPU
	EndGlobalSection
	GlobalSection(SolutionProperties) = preSolution
		HideSolutionNode = FALSE
	EndGlobalSection
	GlobalSection(ExtensibilityGlobals) = postSolution
		SolutionGuid = {AED4DB98-EF76-4A14-B97E-A509F81B4643}
	EndGlobalSection
EndGlobal
